
Microsoft Visual Studio Solution File, Format Version 12.00
# Visual Studio Version 17
VisualStudioVersion = 17.9.34714.143
MinimumVisualStudioVersion = 10.0.40219.1
Project("{9A19103F-16F7-4668-BE54-9A1E7A4F7556}") = "WebAPI", "WebAPI\WebAPI.csproj", "{0EBBF0F3-F8AF-4259-865A-B1EDC5F738F7}"
EndProject
Project("{9A19103F-16F7-4668-BE54-9A1E7A4F7556}") = "Business", "Business\Business.csproj", "{B82EE440-5334-44E0-B45F-4222087CCE16}"
EndProject
Project("{9A19103F-16F7-4668-BE54-9A1E7A4F7556}") = "Entities", "Entities\Entities.csproj", "{35DC91E9-C3F1-42C2-BA80-3C1382889ECE}"
EndProject
Project("{FAE04EC0-301F-11D3-BF4B-00C04F79EFBC}") = "DataAccess", "DataAccess\DataAccess.csproj", "{FACD787B-3FC6-457C-AA76-9F680AD71F8F}"
EndProject
Global
	GlobalSection(SolutionConfigurationPlatforms) = preSolution
		Debug|Any CPU = Debug|Any CPU
		Release|Any CPU = Release|Any CPU
	EndGlobalSection
	GlobalSection(ProjectConfigurationPlatforms) = postSolution
		{0EBBF0F3-F8AF-4259-865A-B1EDC5F738F7}.Debug|Any CPU.ActiveCfg = Debug|Any CPU
		{0EBBF0F3-F8AF-4259-865A-B1EDC5F738F7}.Debug|Any CPU.Build.0 = Debug|Any CPU
		{0EBBF0F3-F8AF-4259-865A-B1EDC5F738F7}.Release|Any CPU.ActiveCfg = Release|Any CPU
		{0EBBF0F3-F8AF-4259-865A-B1EDC5F738F7}.Release|Any CPU.Build.0 = Release|Any CPU
		{B82EE440-5334-44E0-B45F-4222087CCE16}.Debug|Any CPU.ActiveCfg = Debug|Any CPU
		{B82EE440-5334-44E0-B45F-4222087CCE16}.Debug|Any CPU.Build.0 = Debug|Any CPU
		{B82EE440-5334-44E0-B45F-4222087CCE16}.Release|Any CPU.ActiveCfg = Release|Any CPU
		{B82EE440-5334-44E0-B45F-4222087CCE16}.Release|Any CPU.Build.0 = Release|Any CPU
		{35DC91E9-C3F1-42C2-BA80-3C1382889ECE}.Debug|Any CPU.ActiveCfg = Debug|Any CPU
		{35DC91E9-C3F1-42C2-BA80-3C1382889ECE}.Debug|Any CPU.Build.0 = Debug|Any CPU
		{35DC91E9-C3F1-42C2-BA80-3C1382889ECE}.Release|Any CPU.ActiveCfg = Release|Any CPU
		{35DC91E9-C3F1-42C2-BA80-3C1382889ECE}.Release|Any CPU.Build.0 = Release|Any CPU
		{FACD787B-3FC6-457C-AA76-9F680AD71F8F}.Debug|Any CPU.ActiveCfg = Debug|Any CPU
		{FACD787B-3FC6-457C-AA76-9F680AD71F8F}.Debug|Any CPU.Build.0 = Debug|Any CPU
		{FACD787B-3FC6-457C-AA76-9F680AD71F8F}.Release|Any CPU.ActiveCfg = Release|Any CPU
		{FACD787B-3FC6-457C-AA76-9F680AD71F8F}.Release|Any CPU.Build.0 = Release|Any CPU
	EndGlobalSection
	GlobalSection(SolutionProperties) = preSolution
		HideSolutionNode = FALSE
	EndGlobalSection
	GlobalSection(ExtensibilityGlobals) = postSolution
		SolutionGuid = {0B0A1DFA-A70C-47C4-8A23-32EAC020E396}
	EndGlobalSection
EndGlobal
