
Microsoft Visual Studio Solution File, Format Version 12.00
# Visual Studio Version 17
VisualStudioVersion = 17.9.34714.143
MinimumVisualStudioVersion = 10.0.40219.1
Project("{FAE04EC0-301F-11D3-BF4B-00C04F79EFBC}") = "ConsoleUI", "ConsoleUI\ConsoleUI.csproj", "{6B5BB8AD-ACBE-4B1C-AF9B-13BDA44E72DD}"
EndProject
Project("{FAE04EC0-301F-11D3-BF4B-00C04F79EFBC}") = "MyApplication", "MyApplication\MyApplication.csproj", "{3C136A9B-ABB7-4ACE-972C-EDDF80D7958A}"
EndProject
Global
	GlobalSection(SolutionConfigurationPlatforms) = preSolution
		Debug|Any CPU = Debug|Any CPU
		Release|Any CPU = Release|Any CPU
	EndGlobalSection
	GlobalSection(ProjectConfigurationPlatforms) = postSolution
		{6B5BB8AD-ACBE-4B1C-AF9B-13BDA44E72DD}.Debug|Any CPU.ActiveCfg = Debug|Any CPU
		{6B5BB8AD-ACBE-4B1C-AF9B-13BDA44E72DD}.Debug|Any CPU.Build.0 = Debug|Any CPU
		{6B5BB8AD-ACBE-4B1C-AF9B-13BDA44E72DD}.Release|Any CPU.ActiveCfg = Release|Any CPU
		{6B5BB8AD-ACBE-4B1C-AF9B-13BDA44E72DD}.Release|Any CPU.Build.0 = Release|Any CPU
		{3C136A9B-ABB7-4ACE-972C-EDDF80D7958A}.Debug|Any CPU.ActiveCfg = Debug|Any CPU
		{3C136A9B-ABB7-4ACE-972C-EDDF80D7958A}.Debug|Any CPU.Build.0 = Debug|Any CPU
		{3C136A9B-ABB7-4ACE-972C-EDDF80D7958A}.Release|Any CPU.ActiveCfg = Release|Any CPU
		{3C136A9B-ABB7-4ACE-972C-EDDF80D7958A}.Release|Any CPU.Build.0 = Release|Any CPU
	EndGlobalSection
	GlobalSection(SolutionProperties) = preSolution
		HideSolutionNode = FALSE
	EndGlobalSection
	GlobalSection(ExtensibilityGlobals) = postSolution
		SolutionGuid = {0B0A1DFA-A70C-47C4-8A23-32EAC020E396}
	EndGlobalSection
EndGlobal
